
Microsoft Visual Studio Solution File, Format Version 12.00
Project("{2150E333-8FDC-42A3-9474-1A3956D46DE8}") = "src", "src", "{AECD489D-0C90-4536-B336-6058100495CF}"
EndProject
Project("{2150E333-8FDC-42A3-9474-1A3956D46DE8}") = "tests", "tests", "{EE795DA9-CBCA-4D38-B069-8130D6B61911}"
EndProject
Project("{FAE04EC0-301F-11D3-BF4B-00C04F79EFBC}") = "IdekuDoku.Api", "IdekuDoku.Api\IdekuDoku.Api.csproj", "{6229B37F-A9ED-42E3-B3C5-A2A06C29920D}"
EndProject
Project("{FAE04EC0-301F-11D3-BF4B-00C04F79EFBC}") = "IdekuDoku.Domain", "IdekuDoku.Domain\IdekuDoku.Domain.csproj", "{C43F51FC-6D53-4DB4-9859-E5EB5DC4CD96}"
EndProject
Project("{FAE04EC0-301F-11D3-BF4B-00C04F79EFBC}") = "IdekuDoku.Infrastructure", "IdekuDoku.Infrastructure\IdekuDoku.Infrastructure.csproj", "{2E1882E0-1F04-4B01-9052-4FA67DE90B66}"
EndProject
Project("{FAE04EC0-301F-11D3-BF4B-00C04F79EFBC}") = "IdekuDoku.Tests", "IdekuDoku.Tests\IdekuDoku.Tests.csproj", "{1918057E-C024-48F8-84A9-549E898F1273}"
EndProject
Project("{FAE04EC0-301F-11D3-BF4B-00C04F79EFBC}") = "IdekuDoku.IntegrationTests", "IdekuDoku.IntegrationTests\IdekuDoku.IntegrationTests.csproj", "{D5E89CB3-4E9D-4C47-8706-D2652DE25AE4}"
EndProject
Project("{FAE04EC0-301F-11D3-BF4B-00C04F79EFBC}") = "IdekuDoku.Lib", "IdekuDoku.Lib\IdekuDoku.Lib.csproj", "{D6A52197-E018-4B9E-B99A-E6500BCEF774}"
EndProject
Project("{FAE04EC0-301F-11D3-BF4B-00C04F79EFBC}") = "IdekuDoku.Models", "IdekuDoku.Models\IdekuDoku.Models.csproj", "{0C5BB4A4-6C57-40CA-A84F-5FD080D6B7FC}"
EndProject
Project("{FAE04EC0-301F-11D3-BF4B-00C04F79EFBC}") = "IdekuDoku.Helper", "IdekuDoku.Helper\IdekuDoku.Helper.csproj", "{BC4C9F43-49A6-481B-B1AB-7928DF55A84F}"
EndProject
Global
	GlobalSection(SolutionConfigurationPlatforms) = preSolution
		Debug|Any CPU = Debug|Any CPU
		Release|Any CPU = Release|Any CPU
	EndGlobalSection
	GlobalSection(NestedProjects) = preSolution
		{6229B37F-A9ED-42E3-B3C5-A2A06C29920D} = {AECD489D-0C90-4536-B336-6058100495CF}
		{C43F51FC-6D53-4DB4-9859-E5EB5DC4CD96} = {AECD489D-0C90-4536-B336-6058100495CF}
		{2E1882E0-1F04-4B01-9052-4FA67DE90B66} = {AECD489D-0C90-4536-B336-6058100495CF}
		{1918057E-C024-48F8-84A9-549E898F1273} = {EE795DA9-CBCA-4D38-B069-8130D6B61911}
		{D5E89CB3-4E9D-4C47-8706-D2652DE25AE4} = {EE795DA9-CBCA-4D38-B069-8130D6B61911}
		{D6A52197-E018-4B9E-B99A-E6500BCEF774} = {AECD489D-0C90-4536-B336-6058100495CF}
		{0C5BB4A4-6C57-40CA-A84F-5FD080D6B7FC} = {AECD489D-0C90-4536-B336-6058100495CF}
		{BC4C9F43-49A6-481B-B1AB-7928DF55A84F} = {AECD489D-0C90-4536-B336-6058100495CF}
	EndGlobalSection
	GlobalSection(ProjectConfigurationPlatforms) = postSolution
		{6229B37F-A9ED-42E3-B3C5-A2A06C29920D}.Debug|Any CPU.ActiveCfg = Debug|Any CPU
		{6229B37F-A9ED-42E3-B3C5-A2A06C29920D}.Debug|Any CPU.Build.0 = Debug|Any CPU
		{6229B37F-A9ED-42E3-B3C5-A2A06C29920D}.Release|Any CPU.ActiveCfg = Release|Any CPU
		{6229B37F-A9ED-42E3-B3C5-A2A06C29920D}.Release|Any CPU.Build.0 = Release|Any CPU
		{C43F51FC-6D53-4DB4-9859-E5EB5DC4CD96}.Debug|Any CPU.ActiveCfg = Debug|Any CPU
		{C43F51FC-6D53-4DB4-9859-E5EB5DC4CD96}.Debug|Any CPU.Build.0 = Debug|Any CPU
		{C43F51FC-6D53-4DB4-9859-E5EB5DC4CD96}.Release|Any CPU.ActiveCfg = Release|Any CPU
		{C43F51FC-6D53-4DB4-9859-E5EB5DC4CD96}.Release|Any CPU.Build.0 = Release|Any CPU
		{2E1882E0-1F04-4B01-9052-4FA67DE90B66}.Debug|Any CPU.ActiveCfg = Debug|Any CPU
		{2E1882E0-1F04-4B01-9052-4FA67DE90B66}.Debug|Any CPU.Build.0 = Debug|Any CPU
		{2E1882E0-1F04-4B01-9052-4FA67DE90B66}.Release|Any CPU.ActiveCfg = Release|Any CPU
		{2E1882E0-1F04-4B01-9052-4FA67DE90B66}.Release|Any CPU.Build.0 = Release|Any CPU
		{1918057E-C024-48F8-84A9-549E898F1273}.Debug|Any CPU.ActiveCfg = Debug|Any CPU
		{1918057E-C024-48F8-84A9-549E898F1273}.Debug|Any CPU.Build.0 = Debug|Any CPU
		{1918057E-C024-48F8-84A9-549E898F1273}.Release|Any CPU.ActiveCfg = Release|Any CPU
		{1918057E-C024-48F8-84A9-549E898F1273}.Release|Any CPU.Build.0 = Release|Any CPU
		{D5E89CB3-4E9D-4C47-8706-D2652DE25AE4}.Debug|Any CPU.ActiveCfg = Debug|Any CPU
		{D5E89CB3-4E9D-4C47-8706-D2652DE25AE4}.Debug|Any CPU.Build.0 = Debug|Any CPU
		{D5E89CB3-4E9D-4C47-8706-D2652DE25AE4}.Release|Any CPU.ActiveCfg = Release|Any CPU
		{D5E89CB3-4E9D-4C47-8706-D2652DE25AE4}.Release|Any CPU.Build.0 = Release|Any CPU
		{D6A52197-E018-4B9E-B99A-E6500BCEF774}.Debug|Any CPU.ActiveCfg = Debug|Any CPU
		{D6A52197-E018-4B9E-B99A-E6500BCEF774}.Debug|Any CPU.Build.0 = Debug|Any CPU
		{D6A52197-E018-4B9E-B99A-E6500BCEF774}.Release|Any CPU.ActiveCfg = Release|Any CPU
		{D6A52197-E018-4B9E-B99A-E6500BCEF774}.Release|Any CPU.Build.0 = Release|Any CPU
		{0C5BB4A4-6C57-40CA-A84F-5FD080D6B7FC}.Debug|Any CPU.ActiveCfg = Debug|Any CPU
		{0C5BB4A4-6C57-40CA-A84F-5FD080D6B7FC}.Debug|Any CPU.Build.0 = Debug|Any CPU
		{0C5BB4A4-6C57-40CA-A84F-5FD080D6B7FC}.Release|Any CPU.ActiveCfg = Release|Any CPU
		{0C5BB4A4-6C57-40CA-A84F-5FD080D6B7FC}.Release|Any CPU.Build.0 = Release|Any CPU
		{BC4C9F43-49A6-481B-B1AB-7928DF55A84F}.Debug|Any CPU.ActiveCfg = Debug|Any CPU
		{BC4C9F43-49A6-481B-B1AB-7928DF55A84F}.Debug|Any CPU.Build.0 = Debug|Any CPU
		{BC4C9F43-49A6-481B-B1AB-7928DF55A84F}.Release|Any CPU.ActiveCfg = Release|Any CPU
		{BC4C9F43-49A6-481B-B1AB-7928DF55A84F}.Release|Any CPU.Build.0 = Release|Any CPU
	EndGlobalSection
EndGlobal
